
Microsoft Visual Studio Solution File, Format Version 12.00
# Visual Studio Version 16
VisualStudioVersion = 16.0.28803.452
MinimumVisualStudioVersion = 10.0.40219.1
Project("{FAE04EC0-301F-11D3-BF4B-00C04F79EFBC}") = "HomeWork", "HomeWork\HomeWork.csproj", "{A29DCC29-F1EE-4FE2-B627-92257C6BF9D7}"
EndProject
Global
	GlobalSection(SolutionConfigurationPlatforms) = preSolution
		Debug|Any CPU = Debug|Any CPU
		Release|Any CPU = Release|Any CPU
	EndGlobalSection
	GlobalSection(ProjectConfigurationPlatforms) = postSolution
		{A29DCC29-F1EE-4FE2-B627-92257C6BF9D7}.Debug|Any CPU.ActiveCfg = Debug|Any CPU
		{A29DCC29-F1EE-4FE2-B627-92257C6BF9D7}.Debug|Any CPU.Build.0 = Debug|Any CPU
		{A29DCC29-F1EE-4FE2-B627-92257C6BF9D7}.Release|Any CPU.ActiveCfg = Release|Any CPU
		{A29DCC29-F1EE-4FE2-B627-92257C6BF9D7}.Release|Any CPU.Build.0 = Release|Any CPU
	EndGlobalSection
	GlobalSection(SolutionProperties) = preSolution
		HideSolutionNode = FALSE
	EndGlobalSection
	GlobalSection(ExtensibilityGlobals) = postSolution
		SolutionGuid = {B70E2695-4295-4401-B681-F44CD51BC8BA}
	EndGlobalSection
EndGlobal
